
Microsoft Visual Studio Solution File, Format Version 12.00
# Visual Studio 15
Project("{FAE04EC0-301F-11D3-BF4B-00C04F79EFBC}") = "UnityEngine.UI", "UnityEngine.UI.csproj", "{C33B1D8D-E4C2-888D-D0F5-9715D5B5CD23}"
EndProject
Project("{FAE04EC0-301F-11D3-BF4B-00C04F79EFBC}") = "UnityEngine.TestRunner", "UnityEngine.TestRunner.csproj", "{0353B63D-BC21-DF42-1C98-9D7964BF7396}"
EndProject
Project("{FAE04EC0-301F-11D3-BF4B-00C04F79EFBC}") = "Unity.Mathematics", "Unity.Mathematics.csproj", "{B677768C-F07F-E811-B510-C0E68C5B79F2}"
EndProject
Project("{FAE04EC0-301F-11D3-BF4B-00C04F79EFBC}") = "Unity.2D.Animation.Triangle.Runtime", "Unity.2D.Animation.Triangle.Runtime.csproj", "{75C47853-6F9D-A046-A5E8-672A3119D1BF}"
EndProject
Project("{FAE04EC0-301F-11D3-BF4B-00C04F79EFBC}") = "Unity.Timeline", "Unity.Timeline.csproj", "{1F96036F-E9DA-FB6A-EFB0-4EAC979A6F5F}"
EndProject
Project("{FAE04EC0-301F-11D3-BF4B-00C04F79EFBC}") = "Unity.TextMeshPro", "Unity.TextMeshPro.csproj", "{6510E450-18DD-BFF4-D1CA-DFC8628A0F03}"
EndProject
Project("{FAE04EC0-301F-11D3-BF4B-00C04F79EFBC}") = "Unity.2D.Animation.Runtime", "Unity.2D.Animation.Runtime.csproj", "{DA230C04-314F-6CA1-9293-0FEEC98BE136}"
EndProject
Project("{FAE04EC0-301F-11D3-BF4B-00C04F79EFBC}") = "Unity.2D.IK.Runtime", "Unity.2D.IK.Runtime.csproj", "{D95EBCDE-30F0-2494-7277-27CCE23F4230}"
EndProject
Project("{FAE04EC0-301F-11D3-BF4B-00C04F79EFBC}") = "Unity.2D.SpriteShape.Runtime", "Unity.2D.SpriteShape.Runtime.csproj", "{97D1BCAD-98E2-1295-F9BE-B0E5DF870D23}"
EndProject
Project("{FAE04EC0-301F-11D3-BF4B-00C04F79EFBC}") = "Unity.2D.PixelPerfect", "Unity.2D.PixelPerfect.csproj", "{09D1B9DA-9093-ECD9-169E-5BDB512E3881}"
EndProject
Project("{FAE04EC0-301F-11D3-BF4B-00C04F79EFBC}") = "Unity.2D.Common.Runtime", "Unity.2D.Common.Runtime.csproj", "{CDF926AA-29AE-5F90-9121-5E05DCE19E17}"
EndProject
Project("{FAE04EC0-301F-11D3-BF4B-00C04F79EFBC}") = "Unity.InternalAPIEngineBridge.001", "Unity.InternalAPIEngineBridge.001.csproj", "{1272866A-D561-F11F-F052-935A31E76C75}"
EndProject
Project("{FAE04EC0-301F-11D3-BF4B-00C04F79EFBC}") = "Assembly-CSharp", "Assembly-CSharp.csproj", "{319AAEE9-F5D9-4E90-E14B-1F277FBFA0A6}"
EndProject
Project("{FAE04EC0-301F-11D3-BF4B-00C04F79EFBC}") = "UnityEditor.TestRunner", "UnityEditor.TestRunner.csproj", "{C990BA50-A926-5370-C301-6B707C12B7B0}"
EndProject
Project("{FAE04EC0-301F-11D3-BF4B-00C04F79EFBC}") = "Unity.PlasticSCM.Editor", "Unity.PlasticSCM.Editor.csproj", "{5F102C5F-1133-FED6-A9EA-5C4727E7B735}"
EndProject
Project("{FAE04EC0-301F-11D3-BF4B-00C04F79EFBC}") = "UnityEditor.UI", "UnityEditor.UI.csproj", "{35AE2070-1ADF-5AB8-BA40-C6217CCB5B90}"
EndProject
Project("{FAE04EC0-301F-11D3-BF4B-00C04F79EFBC}") = "Unity.Services.Core.Editor", "Unity.Services.Core.Editor.csproj", "{5FDF6D93-8A77-8231-E51D-4B6D665AF537}"
EndProject
Project("{FAE04EC0-301F-11D3-BF4B-00C04F79EFBC}") = "Unity.Timeline.Editor", "Unity.Timeline.Editor.csproj", "{E605DD8E-1305-6036-11EE-5CA512FB29DA}"
EndProject
Project("{FAE04EC0-301F-11D3-BF4B-00C04F79EFBC}") = "Unity.VisualStudio.Editor", "Unity.VisualStudio.Editor.csproj", "{2FA2C152-CB1A-8496-159C-5D3A0F1207BE}"
EndProject
Project("{FAE04EC0-301F-11D3-BF4B-00C04F79EFBC}") = "Unity.2D.Psdimporter.Editor", "Unity.2D.Psdimporter.Editor.csproj", "{AAC29D10-0757-AB44-4985-2448E5C9BB09}"
EndProject
Project("{FAE04EC0-301F-11D3-BF4B-00C04F79EFBC}") = "Unity.2D.Animation.Editor", "Unity.2D.Animation.Editor.csproj", "{CFC3DF92-383B-EE84-C963-0C374DD077C4}"
EndProject
Project("{FAE04EC0-301F-11D3-BF4B-00C04F79EFBC}") = "Unity.TextMeshPro.Editor", "Unity.TextMeshPro.Editor.csproj", "{C5A05FB5-8E5F-CF02-C75C-9352E2514393}"
EndProject
Project("{FAE04EC0-301F-11D3-BF4B-00C04F79EFBC}") = "Unity.2D.SpriteShape.Editor", "Unity.2D.SpriteShape.Editor.csproj", "{C164BD5C-976A-A74C-A306-0B3814B662BD}"
EndProject
Project("{FAE04EC0-301F-11D3-BF4B-00C04F79EFBC}") = "Unity.CollabProxy.Editor", "Unity.CollabProxy.Editor.csproj", "{4AAF7B71-666D-FA20-0CEE-72AC71377C58}"
EndProject
Project("{FAE04EC0-301F-11D3-BF4B-00C04F79EFBC}") = "PsdPlugin", "PsdPlugin.csproj", "{BD7E0559-C5B6-4CD2-7C59-EC22D8F1C97C}"
EndProject
Project("{FAE04EC0-301F-11D3-BF4B-00C04F79EFBC}") = "Unity.2D.Path.Editor", "Unity.2D.Path.Editor.csproj", "{0332BEC9-8F05-68D7-17B4-4A1693950E6F}"
EndProject
Project("{FAE04EC0-301F-11D3-BF4B-00C04F79EFBC}") = "Unity.Rider.Editor", "Unity.Rider.Editor.csproj", "{6CD9C0E9-7162-7736-0B1B-0DCFC661DB3C}"
EndProject
Project("{FAE04EC0-301F-11D3-BF4B-00C04F79EFBC}") = "Unity.2D.IK.Editor", "Unity.2D.IK.Editor.csproj", "{BBE33D6C-8DE8-12F8-F2A6-1C5CA3BCD483}"
EndProject
Project("{FAE04EC0-301F-11D3-BF4B-00C04F79EFBC}") = "Unity.2D.Sprite.Editor", "Unity.2D.Sprite.Editor.csproj", "{8D876076-E17B-7479-AA71-D7C6AC16E4B5}"
EndProject
Project("{FAE04EC0-301F-11D3-BF4B-00C04F79EFBC}") = "Unity.2D.Tilemap.Editor", "Unity.2D.Tilemap.Editor.csproj", "{7D252A8F-043A-BFB0-8D5A-C329F6A07CDC}"
EndProject
Project("{FAE04EC0-301F-11D3-BF4B-00C04F79EFBC}") = "Unity.2D.PixelPerfect.Editor", "Unity.2D.PixelPerfect.Editor.csproj", "{F573509C-7E49-30E0-1851-AE3AE5F7F16E}"
EndProject
Project("{FAE04EC0-301F-11D3-BF4B-00C04F79EFBC}") = "Unity.VSCode.Editor", "Unity.VSCode.Editor.csproj", "{37EED031-5806-8FAF-26F2-99A0F2207C87}"
EndProject
Project("{FAE04EC0-301F-11D3-BF4B-00C04F79EFBC}") = "Unity.2D.Common.Editor", "Unity.2D.Common.Editor.csproj", "{170A292F-3A26-6E42-C504-EEE39A9A5DC9}"
EndProject
Project("{FAE04EC0-301F-11D3-BF4B-00C04F79EFBC}") = "Unity.Mathematics.Editor", "Unity.Mathematics.Editor.csproj", "{36C9E7F4-96C1-DC88-E2E7-92A255F0F041}"
EndProject
Project("{FAE04EC0-301F-11D3-BF4B-00C04F79EFBC}") = "Unity.InternalAPIEditorBridge.001", "Unity.InternalAPIEditorBridge.001.csproj", "{0991C6BB-931A-EA7B-FA7F-AAAB4712A881}"
EndProject
Project("{FAE04EC0-301F-11D3-BF4B-00C04F79EFBC}") = "UnityEngine.UI", "UnityEngine.UI.Player.csproj", "{57382AEC-BE90-26F6-0FAE-DE0DB6ED4957}"
EndProject
Project("{FAE04EC0-301F-11D3-BF4B-00C04F79EFBC}") = "UnityEngine.TestRunner", "UnityEngine.TestRunner.Player.csproj", "{AE81F005-E8D6-2741-C430-E02F27160781}"
EndProject
Project("{FAE04EC0-301F-11D3-BF4B-00C04F79EFBC}") = "Unity.Mathematics", "Unity.Mathematics.Player.csproj", "{1B030C2D-A7A4-F18E-8309-D12D0443A062}"
EndProject
Project("{FAE04EC0-301F-11D3-BF4B-00C04F79EFBC}") = "Unity.2D.Animation.Triangle.Runtime", "Unity.2D.Animation.Triangle.Runtime.Player.csproj", "{8BA7D6C5-DB66-317D-6806-08E44C93EF10}"
EndProject
Project("{FAE04EC0-301F-11D3-BF4B-00C04F79EFBC}") = "Unity.Timeline", "Unity.Timeline.Player.csproj", "{05DB4F0E-C245-8EE7-1C72-C259512399B1}"
EndProject
Project("{FAE04EC0-301F-11D3-BF4B-00C04F79EFBC}") = "Unity.TextMeshPro", "Unity.TextMeshPro.Player.csproj", "{DC181376-7B2C-9040-2FD6-7A9D038B036D}"
EndProject
Project("{FAE04EC0-301F-11D3-BF4B-00C04F79EFBC}") = "Unity.2D.Animation.Runtime", "Unity.2D.Animation.Runtime.Player.csproj", "{B8500CBF-7A04-2884-EA71-B84CE720CEE7}"
EndProject
Project("{FAE04EC0-301F-11D3-BF4B-00C04F79EFBC}") = "Unity.2D.IK.Runtime", "Unity.2D.IK.Runtime.Player.csproj", "{F8BFA54F-8BFD-F567-C370-EDE4968C2919}"
EndProject
Project("{FAE04EC0-301F-11D3-BF4B-00C04F79EFBC}") = "Unity.2D.SpriteShape.Runtime", "Unity.2D.SpriteShape.Runtime.Player.csproj", "{0D3DF495-0A2E-6C0A-6338-44735B48CC91}"
EndProject
Project("{FAE04EC0-301F-11D3-BF4B-00C04F79EFBC}") = "Unity.2D.PixelPerfect", "Unity.2D.PixelPerfect.Player.csproj", "{D37153DA-CB8F-4A7C-D434-9CEBD2F347F9}"
EndProject
Project("{FAE04EC0-301F-11D3-BF4B-00C04F79EFBC}") = "Unity.2D.Common.Runtime", "Unity.2D.Common.Runtime.Player.csproj", "{3170CCDE-3CF7-C697-BFFA-2E9376ECCB6C}"
EndProject
Project("{FAE04EC0-301F-11D3-BF4B-00C04F79EFBC}") = "Unity.InternalAPIEngineBridge.001", "Unity.InternalAPIEngineBridge.001.Player.csproj", "{638968A4-043B-D68F-8E1E-99368A870A75}"
EndProject
Project("{FAE04EC0-301F-11D3-BF4B-00C04F79EFBC}") = "Assembly-CSharp", "Assembly-CSharp.Player.csproj", "{FB9464A1-C538-1CC8-2B2C-9F39CD9E1938}"
EndProject
Global
	GlobalSection(SolutionConfigurationPlatforms) = preSolution
		Debug|Any CPU = Debug|Any CPU
		Release|Any CPU = Release|Any CPU
	EndGlobalSection
	GlobalSection(ProjectConfigurationPlatforms) = postSolution
		{C33B1D8D-E4C2-888D-D0F5-9715D5B5CD23}.Debug|Any CPU.ActiveCfg = Debug|Any CPU
		{C33B1D8D-E4C2-888D-D0F5-9715D5B5CD23}.Debug|Any CPU.Build.0 = Debug|Any CPU
		{C33B1D8D-E4C2-888D-D0F5-9715D5B5CD23}.Release|Any CPU.ActiveCfg = Release|Any CPU
		{C33B1D8D-E4C2-888D-D0F5-9715D5B5CD23}.Release|Any CPU.Build.0 = Release|Any CPU
		{0353B63D-BC21-DF42-1C98-9D7964BF7396}.Debug|Any CPU.ActiveCfg = Debug|Any CPU
		{0353B63D-BC21-DF42-1C98-9D7964BF7396}.Debug|Any CPU.Build.0 = Debug|Any CPU
		{0353B63D-BC21-DF42-1C98-9D7964BF7396}.Release|Any CPU.ActiveCfg = Release|Any CPU
		{0353B63D-BC21-DF42-1C98-9D7964BF7396}.Release|Any CPU.Build.0 = Release|Any CPU
		{B677768C-F07F-E811-B510-C0E68C5B79F2}.Debug|Any CPU.ActiveCfg = Debug|Any CPU
		{B677768C-F07F-E811-B510-C0E68C5B79F2}.Debug|Any CPU.Build.0 = Debug|Any CPU
		{B677768C-F07F-E811-B510-C0E68C5B79F2}.Release|Any CPU.ActiveCfg = Release|Any CPU
		{B677768C-F07F-E811-B510-C0E68C5B79F2}.Release|Any CPU.Build.0 = Release|Any CPU
		{75C47853-6F9D-A046-A5E8-672A3119D1BF}.Debug|Any CPU.ActiveCfg = Debug|Any CPU
		{75C47853-6F9D-A046-A5E8-672A3119D1BF}.Debug|Any CPU.Build.0 = Debug|Any CPU
		{75C47853-6F9D-A046-A5E8-672A3119D1BF}.Release|Any CPU.ActiveCfg = Release|Any CPU
		{75C47853-6F9D-A046-A5E8-672A3119D1BF}.Release|Any CPU.Build.0 = Release|Any CPU
		{1F96036F-E9DA-FB6A-EFB0-4EAC979A6F5F}.Debug|Any CPU.ActiveCfg = Debug|Any CPU
		{1F96036F-E9DA-FB6A-EFB0-4EAC979A6F5F}.Debug|Any CPU.Build.0 = Debug|Any CPU
		{1F96036F-E9DA-FB6A-EFB0-4EAC979A6F5F}.Release|Any CPU.ActiveCfg = Release|Any CPU
		{1F96036F-E9DA-FB6A-EFB0-4EAC979A6F5F}.Release|Any CPU.Build.0 = Release|Any CPU
		{6510E450-18DD-BFF4-D1CA-DFC8628A0F03}.Debug|Any CPU.ActiveCfg = Debug|Any CPU
		{6510E450-18DD-BFF4-D1CA-DFC8628A0F03}.Debug|Any CPU.Build.0 = Debug|Any CPU
		{6510E450-18DD-BFF4-D1CA-DFC8628A0F03}.Release|Any CPU.ActiveCfg = Release|Any CPU
		{6510E450-18DD-BFF4-D1CA-DFC8628A0F03}.Release|Any CPU.Build.0 = Release|Any CPU
		{DA230C04-314F-6CA1-9293-0FEEC98BE136}.Debug|Any CPU.ActiveCfg = Debug|Any CPU
		{DA230C04-314F-6CA1-9293-0FEEC98BE136}.Debug|Any CPU.Build.0 = Debug|Any CPU
		{DA230C04-314F-6CA1-9293-0FEEC98BE136}.Release|Any CPU.ActiveCfg = Release|Any CPU
		{DA230C04-314F-6CA1-9293-0FEEC98BE136}.Release|Any CPU.Build.0 = Release|Any CPU
		{D95EBCDE-30F0-2494-7277-27CCE23F4230}.Debug|Any CPU.ActiveCfg = Debug|Any CPU
		{D95EBCDE-30F0-2494-7277-27CCE23F4230}.Debug|Any CPU.Build.0 = Debug|Any CPU
		{D95EBCDE-30F0-2494-7277-27CCE23F4230}.Release|Any CPU.ActiveCfg = Release|Any CPU
		{D95EBCDE-30F0-2494-7277-27CCE23F4230}.Release|Any CPU.Build.0 = Release|Any CPU
		{97D1BCAD-98E2-1295-F9BE-B0E5DF870D23}.Debug|Any CPU.ActiveCfg = Debug|Any CPU
		{97D1BCAD-98E2-1295-F9BE-B0E5DF870D23}.Debug|Any CPU.Build.0 = Debug|Any CPU
		{97D1BCAD-98E2-1295-F9BE-B0E5DF870D23}.Release|Any CPU.ActiveCfg = Release|Any CPU
		{97D1BCAD-98E2-1295-F9BE-B0E5DF870D23}.Release|Any CPU.Build.0 = Release|Any CPU
		{09D1B9DA-9093-ECD9-169E-5BDB512E3881}.Debug|Any CPU.ActiveCfg = Debug|Any CPU
		{09D1B9DA-9093-ECD9-169E-5BDB512E3881}.Debug|Any CPU.Build.0 = Debug|Any CPU
		{09D1B9DA-9093-ECD9-169E-5BDB512E3881}.Release|Any CPU.ActiveCfg = Release|Any CPU
		{09D1B9DA-9093-ECD9-169E-5BDB512E3881}.Release|Any CPU.Build.0 = Release|Any CPU
		{CDF926AA-29AE-5F90-9121-5E05DCE19E17}.Debug|Any CPU.ActiveCfg = Debug|Any CPU
		{CDF926AA-29AE-5F90-9121-5E05DCE19E17}.Debug|Any CPU.Build.0 = Debug|Any CPU
		{CDF926AA-29AE-5F90-9121-5E05DCE19E17}.Release|Any CPU.ActiveCfg = Release|Any CPU
		{CDF926AA-29AE-5F90-9121-5E05DCE19E17}.Release|Any CPU.Build.0 = Release|Any CPU
		{1272866A-D561-F11F-F052-935A31E76C75}.Debug|Any CPU.ActiveCfg = Debug|Any CPU
		{1272866A-D561-F11F-F052-935A31E76C75}.Debug|Any CPU.Build.0 = Debug|Any CPU
		{1272866A-D561-F11F-F052-935A31E76C75}.Release|Any CPU.ActiveCfg = Release|Any CPU
		{1272866A-D561-F11F-F052-935A31E76C75}.Release|Any CPU.Build.0 = Release|Any CPU
		{319AAEE9-F5D9-4E90-E14B-1F277FBFA0A6}.Debug|Any CPU.ActiveCfg = Debug|Any CPU
		{319AAEE9-F5D9-4E90-E14B-1F277FBFA0A6}.Debug|Any CPU.Build.0 = Debug|Any CPU
		{319AAEE9-F5D9-4E90-E14B-1F277FBFA0A6}.Release|Any CPU.ActiveCfg = Release|Any CPU
		{319AAEE9-F5D9-4E90-E14B-1F277FBFA0A6}.Release|Any CPU.Build.0 = Release|Any CPU
		{C990BA50-A926-5370-C301-6B707C12B7B0}.Debug|Any CPU.ActiveCfg = Debug|Any CPU
		{C990BA50-A926-5370-C301-6B707C12B7B0}.Debug|Any CPU.Build.0 = Debug|Any CPU
		{C990BA50-A926-5370-C301-6B707C12B7B0}.Release|Any CPU.ActiveCfg = Release|Any CPU
		{C990BA50-A926-5370-C301-6B707C12B7B0}.Release|Any CPU.Build.0 = Release|Any CPU
		{5F102C5F-1133-FED6-A9EA-5C4727E7B735}.Debug|Any CPU.ActiveCfg = Debug|Any CPU
		{5F102C5F-1133-FED6-A9EA-5C4727E7B735}.Debug|Any CPU.Build.0 = Debug|Any CPU
		{5F102C5F-1133-FED6-A9EA-5C4727E7B735}.Release|Any CPU.ActiveCfg = Release|Any CPU
		{5F102C5F-1133-FED6-A9EA-5C4727E7B735}.Release|Any CPU.Build.0 = Release|Any CPU
		{35AE2070-1ADF-5AB8-BA40-C6217CCB5B90}.Debug|Any CPU.ActiveCfg = Debug|Any CPU
		{35AE2070-1ADF-5AB8-BA40-C6217CCB5B90}.Debug|Any CPU.Build.0 = Debug|Any CPU
		{35AE2070-1ADF-5AB8-BA40-C6217CCB5B90}.Release|Any CPU.ActiveCfg = Release|Any CPU
		{35AE2070-1ADF-5AB8-BA40-C6217CCB5B90}.Release|Any CPU.Build.0 = Release|Any CPU
		{5FDF6D93-8A77-8231-E51D-4B6D665AF537}.Debug|Any CPU.ActiveCfg = Debug|Any CPU
		{5FDF6D93-8A77-8231-E51D-4B6D665AF537}.Debug|Any CPU.Build.0 = Debug|Any CPU
		{5FDF6D93-8A77-8231-E51D-4B6D665AF537}.Release|Any CPU.ActiveCfg = Release|Any CPU
		{5FDF6D93-8A77-8231-E51D-4B6D665AF537}.Release|Any CPU.Build.0 = Release|Any CPU
		{E605DD8E-1305-6036-11EE-5CA512FB29DA}.Debug|Any CPU.ActiveCfg = Debug|Any CPU
		{E605DD8E-1305-6036-11EE-5CA512FB29DA}.Debug|Any CPU.Build.0 = Debug|Any CPU
		{E605DD8E-1305-6036-11EE-5CA512FB29DA}.Release|Any CPU.ActiveCfg = Release|Any CPU
		{E605DD8E-1305-6036-11EE-5CA512FB29DA}.Release|Any CPU.Build.0 = Release|Any CPU
		{2FA2C152-CB1A-8496-159C-5D3A0F1207BE}.Debug|Any CPU.ActiveCfg = Debug|Any CPU
		{2FA2C152-CB1A-8496-159C-5D3A0F1207BE}.Debug|Any CPU.Build.0 = Debug|Any CPU
		{2FA2C152-CB1A-8496-159C-5D3A0F1207BE}.Release|Any CPU.ActiveCfg = Release|Any CPU
		{2FA2C152-CB1A-8496-159C-5D3A0F1207BE}.Release|Any CPU.Build.0 = Release|Any CPU
		{AAC29D10-0757-AB44-4985-2448E5C9BB09}.Debug|Any CPU.ActiveCfg = Debug|Any CPU
		{AAC29D10-0757-AB44-4985-2448E5C9BB09}.Debug|Any CPU.Build.0 = Debug|Any CPU
		{AAC29D10-0757-AB44-4985-2448E5C9BB09}.Release|Any CPU.ActiveCfg = Release|Any CPU
		{AAC29D10-0757-AB44-4985-2448E5C9BB09}.Release|Any CPU.Build.0 = Release|Any CPU
		{CFC3DF92-383B-EE84-C963-0C374DD077C4}.Debug|Any CPU.ActiveCfg = Debug|Any CPU
		{CFC3DF92-383B-EE84-C963-0C374DD077C4}.Debug|Any CPU.Build.0 = Debug|Any CPU
		{CFC3DF92-383B-EE84-C963-0C374DD077C4}.Release|Any CPU.ActiveCfg = Release|Any CPU
		{CFC3DF92-383B-EE84-C963-0C374DD077C4}.Release|Any CPU.Build.0 = Release|Any CPU
		{C5A05FB5-8E5F-CF02-C75C-9352E2514393}.Debug|Any CPU.ActiveCfg = Debug|Any CPU
		{C5A05FB5-8E5F-CF02-C75C-9352E2514393}.Debug|Any CPU.Build.0 = Debug|Any CPU
		{C5A05FB5-8E5F-CF02-C75C-9352E2514393}.Release|Any CPU.ActiveCfg = Release|Any CPU
		{C5A05FB5-8E5F-CF02-C75C-9352E2514393}.Release|Any CPU.Build.0 = Release|Any CPU
		{C164BD5C-976A-A74C-A306-0B3814B662BD}.Debug|Any CPU.ActiveCfg = Debug|Any CPU
		{C164BD5C-976A-A74C-A306-0B3814B662BD}.Debug|Any CPU.Build.0 = Debug|Any CPU
		{C164BD5C-976A-A74C-A306-0B3814B662BD}.Release|Any CPU.ActiveCfg = Release|Any CPU
		{C164BD5C-976A-A74C-A306-0B3814B662BD}.Release|Any CPU.Build.0 = Release|Any CPU
		{4AAF7B71-666D-FA20-0CEE-72AC71377C58}.Debug|Any CPU.ActiveCfg = Debug|Any CPU
		{4AAF7B71-666D-FA20-0CEE-72AC71377C58}.Debug|Any CPU.Build.0 = Debug|Any CPU
		{4AAF7B71-666D-FA20-0CEE-72AC71377C58}.Release|Any CPU.ActiveCfg = Release|Any CPU
		{4AAF7B71-666D-FA20-0CEE-72AC71377C58}.Release|Any CPU.Build.0 = Release|Any CPU
		{BD7E0559-C5B6-4CD2-7C59-EC22D8F1C97C}.Debug|Any CPU.ActiveCfg = Debug|Any CPU
		{BD7E0559-C5B6-4CD2-7C59-EC22D8F1C97C}.Debug|Any CPU.Build.0 = Debug|Any CPU
		{BD7E0559-C5B6-4CD2-7C59-EC22D8F1C97C}.Release|Any CPU.ActiveCfg = Release|Any CPU
		{BD7E0559-C5B6-4CD2-7C59-EC22D8F1C97C}.Release|Any CPU.Build.0 = Release|Any CPU
		{0332BEC9-8F05-68D7-17B4-4A1693950E6F}.Debug|Any CPU.ActiveCfg = Debug|Any CPU
		{0332BEC9-8F05-68D7-17B4-4A1693950E6F}.Debug|Any CPU.Build.0 = Debug|Any CPU
		{0332BEC9-8F05-68D7-17B4-4A1693950E6F}.Release|Any CPU.ActiveCfg = Release|Any CPU
		{0332BEC9-8F05-68D7-17B4-4A1693950E6F}.Release|Any CPU.Build.0 = Release|Any CPU
		{6CD9C0E9-7162-7736-0B1B-0DCFC661DB3C}.Debug|Any CPU.ActiveCfg = Debug|Any CPU
		{6CD9C0E9-7162-7736-0B1B-0DCFC661DB3C}.Debug|Any CPU.Build.0 = Debug|Any CPU
		{6CD9C0E9-7162-7736-0B1B-0DCFC661DB3C}.Release|Any CPU.ActiveCfg = Release|Any CPU
		{6CD9C0E9-7162-7736-0B1B-0DCFC661DB3C}.Release|Any CPU.Build.0 = Release|Any CPU
		{BBE33D6C-8DE8-12F8-F2A6-1C5CA3BCD483}.Debug|Any CPU.ActiveCfg = Debug|Any CPU
		{BBE33D6C-8DE8-12F8-F2A6-1C5CA3BCD483}.Debug|Any CPU.Build.0 = Debug|Any CPU
		{BBE33D6C-8DE8-12F8-F2A6-1C5CA3BCD483}.Release|Any CPU.ActiveCfg = Release|Any CPU
		{BBE33D6C-8DE8-12F8-F2A6-1C5CA3BCD483}.Release|Any CPU.Build.0 = Release|Any CPU
		{8D876076-E17B-7479-AA71-D7C6AC16E4B5}.Debug|Any CPU.ActiveCfg = Debug|Any CPU
		{8D876076-E17B-7479-AA71-D7C6AC16E4B5}.Debug|Any CPU.Build.0 = Debug|Any CPU
		{8D876076-E17B-7479-AA71-D7C6AC16E4B5}.Release|Any CPU.ActiveCfg = Release|Any CPU
		{8D876076-E17B-7479-AA71-D7C6AC16E4B5}.Release|Any CPU.Build.0 = Release|Any CPU
		{7D252A8F-043A-BFB0-8D5A-C329F6A07CDC}.Debug|Any CPU.ActiveCfg = Debug|Any CPU
		{7D252A8F-043A-BFB0-8D5A-C329F6A07CDC}.Debug|Any CPU.Build.0 = Debug|Any CPU
		{7D252A8F-043A-BFB0-8D5A-C329F6A07CDC}.Release|Any CPU.ActiveCfg = Release|Any CPU
		{7D252A8F-043A-BFB0-8D5A-C329F6A07CDC}.Release|Any CPU.Build.0 = Release|Any CPU
		{F573509C-7E49-30E0-1851-AE3AE5F7F16E}.Debug|Any CPU.ActiveCfg = Debug|Any CPU
		{F573509C-7E49-30E0-1851-AE3AE5F7F16E}.Debug|Any CPU.Build.0 = Debug|Any CPU
		{F573509C-7E49-30E0-1851-AE3AE5F7F16E}.Release|Any CPU.ActiveCfg = Release|Any CPU
		{F573509C-7E49-30E0-1851-AE3AE5F7F16E}.Release|Any CPU.Build.0 = Release|Any CPU
		{37EED031-5806-8FAF-26F2-99A0F2207C87}.Debug|Any CPU.ActiveCfg = Debug|Any CPU
		{37EED031-5806-8FAF-26F2-99A0F2207C87}.Debug|Any CPU.Build.0 = Debug|Any CPU
		{37EED031-5806-8FAF-26F2-99A0F2207C87}.Release|Any CPU.ActiveCfg = Release|Any CPU
		{37EED031-5806-8FAF-26F2-99A0F2207C87}.Release|Any CPU.Build.0 = Release|Any CPU
		{170A292F-3A26-6E42-C504-EEE39A9A5DC9}.Debug|Any CPU.ActiveCfg = Debug|Any CPU
		{170A292F-3A26-6E42-C504-EEE39A9A5DC9}.Debug|Any CPU.Build.0 = Debug|Any CPU
		{170A292F-3A26-6E42-C504-EEE39A9A5DC9}.Release|Any CPU.ActiveCfg = Release|Any CPU
		{170A292F-3A26-6E42-C504-EEE39A9A5DC9}.Release|Any CPU.Build.0 = Release|Any CPU
		{36C9E7F4-96C1-DC88-E2E7-92A255F0F041}.Debug|Any CPU.ActiveCfg = Debug|Any CPU
		{36C9E7F4-96C1-DC88-E2E7-92A255F0F041}.Debug|Any CPU.Build.0 = Debug|Any CPU
		{36C9E7F4-96C1-DC88-E2E7-92A255F0F041}.Release|Any CPU.ActiveCfg = Release|Any CPU
		{36C9E7F4-96C1-DC88-E2E7-92A255F0F041}.Release|Any CPU.Build.0 = Release|Any CPU
		{0991C6BB-931A-EA7B-FA7F-AAAB4712A881}.Debug|Any CPU.ActiveCfg = Debug|Any CPU
		{0991C6BB-931A-EA7B-FA7F-AAAB4712A881}.Debug|Any CPU.Build.0 = Debug|Any CPU
		{0991C6BB-931A-EA7B-FA7F-AAAB4712A881}.Release|Any CPU.ActiveCfg = Release|Any CPU
		{0991C6BB-931A-EA7B-FA7F-AAAB4712A881}.Release|Any CPU.Build.0 = Release|Any CPU
		{57382AEC-BE90-26F6-0FAE-DE0DB6ED4957}.Debug|Any CPU.ActiveCfg = Debug|Any CPU
		{57382AEC-BE90-26F6-0FAE-DE0DB6ED4957}.Debug|Any CPU.Build.0 = Debug|Any CPU
		{57382AEC-BE90-26F6-0FAE-DE0DB6ED4957}.Release|Any CPU.ActiveCfg = Release|Any CPU
		{57382AEC-BE90-26F6-0FAE-DE0DB6ED4957}.Release|Any CPU.Build.0 = Release|Any CPU
		{AE81F005-E8D6-2741-C430-E02F27160781}.Debug|Any CPU.ActiveCfg = Debug|Any CPU
		{AE81F005-E8D6-2741-C430-E02F27160781}.Debug|Any CPU.Build.0 = Debug|Any CPU
		{AE81F005-E8D6-2741-C430-E02F27160781}.Release|Any CPU.ActiveCfg = Release|Any CPU
		{AE81F005-E8D6-2741-C430-E02F27160781}.Release|Any CPU.Build.0 = Release|Any CPU
		{1B030C2D-A7A4-F18E-8309-D12D0443A062}.Debug|Any CPU.ActiveCfg = Debug|Any CPU
		{1B030C2D-A7A4-F18E-8309-D12D0443A062}.Debug|Any CPU.Build.0 = Debug|Any CPU
		{1B030C2D-A7A4-F18E-8309-D12D0443A062}.Release|Any CPU.ActiveCfg = Release|Any CPU
		{1B030C2D-A7A4-F18E-8309-D12D0443A062}.Release|Any CPU.Build.0 = Release|Any CPU
		{8BA7D6C5-DB66-317D-6806-08E44C93EF10}.Debug|Any CPU.ActiveCfg = Debug|Any CPU
		{8BA7D6C5-DB66-317D-6806-08E44C93EF10}.Debug|Any CPU.Build.0 = Debug|Any CPU
		{8BA7D6C5-DB66-317D-6806-08E44C93EF10}.Release|Any CPU.ActiveCfg = Release|Any CPU
		{8BA7D6C5-DB66-317D-6806-08E44C93EF10}.Release|Any CPU.Build.0 = Release|Any CPU
		{05DB4F0E-C245-8EE7-1C72-C259512399B1}.Debug|Any CPU.ActiveCfg = Debug|Any CPU
		{05DB4F0E-C245-8EE7-1C72-C259512399B1}.Debug|Any CPU.Build.0 = Debug|Any CPU
		{05DB4F0E-C245-8EE7-1C72-C259512399B1}.Release|Any CPU.ActiveCfg = Release|Any CPU
		{05DB4F0E-C245-8EE7-1C72-C259512399B1}.Release|Any CPU.Build.0 = Release|Any CPU
		{DC181376-7B2C-9040-2FD6-7A9D038B036D}.Debug|Any CPU.ActiveCfg = Debug|Any CPU
		{DC181376-7B2C-9040-2FD6-7A9D038B036D}.Debug|Any CPU.Build.0 = Debug|Any CPU
		{DC181376-7B2C-9040-2FD6-7A9D038B036D}.Release|Any CPU.ActiveCfg = Release|Any CPU
		{DC181376-7B2C-9040-2FD6-7A9D038B036D}.Release|Any CPU.Build.0 = Release|Any CPU
		{B8500CBF-7A04-2884-EA71-B84CE720CEE7}.Debug|Any CPU.ActiveCfg = Debug|Any CPU
		{B8500CBF-7A04-2884-EA71-B84CE720CEE7}.Debug|Any CPU.Build.0 = Debug|Any CPU
		{B8500CBF-7A04-2884-EA71-B84CE720CEE7}.Release|Any CPU.ActiveCfg = Release|Any CPU
		{B8500CBF-7A04-2884-EA71-B84CE720CEE7}.Release|Any CPU.Build.0 = Release|Any CPU
		{F8BFA54F-8BFD-F567-C370-EDE4968C2919}.Debug|Any CPU.ActiveCfg = Debug|Any CPU
		{F8BFA54F-8BFD-F567-C370-EDE4968C2919}.Debug|Any CPU.Build.0 = Debug|Any CPU
		{F8BFA54F-8BFD-F567-C370-EDE4968C2919}.Release|Any CPU.ActiveCfg = Release|Any CPU
		{F8BFA54F-8BFD-F567-C370-EDE4968C2919}.Release|Any CPU.Build.0 = Release|Any CPU
		{0D3DF495-0A2E-6C0A-6338-44735B48CC91}.Debug|Any CPU.ActiveCfg = Debug|Any CPU
		{0D3DF495-0A2E-6C0A-6338-44735B48CC91}.Debug|Any CPU.Build.0 = Debug|Any CPU
		{0D3DF495-0A2E-6C0A-6338-44735B48CC91}.Release|Any CPU.ActiveCfg = Release|Any CPU
		{0D3DF495-0A2E-6C0A-6338-44735B48CC91}.Release|Any CPU.Build.0 = Release|Any CPU
		{D37153DA-CB8F-4A7C-D434-9CEBD2F347F9}.Debug|Any CPU.ActiveCfg = Debug|Any CPU
		{D37153DA-CB8F-4A7C-D434-9CEBD2F347F9}.Debug|Any CPU.Build.0 = Debug|Any CPU
		{D37153DA-CB8F-4A7C-D434-9CEBD2F347F9}.Release|Any CPU.ActiveCfg = Release|Any CPU
		{D37153DA-CB8F-4A7C-D434-9CEBD2F347F9}.Release|Any CPU.Build.0 = Release|Any CPU
		{3170CCDE-3CF7-C697-BFFA-2E9376ECCB6C}.Debug|Any CPU.ActiveCfg = Debug|Any CPU
		{3170CCDE-3CF7-C697-BFFA-2E9376ECCB6C}.Debug|Any CPU.Build.0 = Debug|Any CPU
		{3170CCDE-3CF7-C697-BFFA-2E9376ECCB6C}.Release|Any CPU.ActiveCfg = Release|Any CPU
		{3170CCDE-3CF7-C697-BFFA-2E9376ECCB6C}.Release|Any CPU.Build.0 = Release|Any CPU
		{638968A4-043B-D68F-8E1E-99368A870A75}.Debug|Any CPU.ActiveCfg = Debug|Any CPU
		{638968A4-043B-D68F-8E1E-99368A870A75}.Debug|Any CPU.Build.0 = Debug|Any CPU
		{638968A4-043B-D68F-8E1E-99368A870A75}.Release|Any CPU.ActiveCfg = Release|Any CPU
		{638968A4-043B-D68F-8E1E-99368A870A75}.Release|Any CPU.Build.0 = Release|Any CPU
		{FB9464A1-C538-1CC8-2B2C-9F39CD9E1938}.Debug|Any CPU.ActiveCfg = Debug|Any CPU
		{FB9464A1-C538-1CC8-2B2C-9F39CD9E1938}.Debug|Any CPU.Build.0 = Debug|Any CPU
		{FB9464A1-C538-1CC8-2B2C-9F39CD9E1938}.Release|Any CPU.ActiveCfg = Release|Any CPU
		{FB9464A1-C538-1CC8-2B2C-9F39CD9E1938}.Release|Any CPU.Build.0 = Release|Any CPU
	EndGlobalSection
	GlobalSection(SolutionProperties) = preSolution
		HideSolutionNode = FALSE
	EndGlobalSection
EndGlobal
